// !$*UTF8*$!
{
	archiveVersion = 1;
	classes = {
	};
	objectVersion = 77;
	objects = {

/* Begin PBXContainerItemProxy section */
		3505BFF02CB6320F00AE6421 /* PBXContainerItemProxy */ = {
			isa = PBXContainerItemProxy;
			containerPortal = 3505BFD12CB6320D00AE6421 /* Project object */;
			proxyType = 1;
			remoteGlobalIDString = 3505BFD82CB6320D00AE6421;
			remoteInfo = imageView;
		};
		3505BFFA2CB6320F00AE6421 /* PBXContainerItemProxy */ = {
			isa = PBXContainerItemProxy;
			containerPortal = 3505BFD12CB6320D00AE6421 /* Project object */;
			proxyType = 1;
			remoteGlobalIDString = 3505BFD82CB6320D00AE6421;
			remoteInfo = imageView;
		};
/* End PBXContainerItemProxy section */

/* Begin PBXFileReference section */
		3505BFD92CB6320D00AE6421 /* imageView.app */ = {isa = PBXFileReference; explicitFileType = wrapper.application; includeInIndex = 0; path = imageView.app; sourceTree = BUILT_PRODUCTS_DIR; };
		3505BFEF2CB6320F00AE6421 /* imageViewTests.xctest */ = {isa = PBXFileReference; explicitFileType = wrapper.cfbundle; includeInIndex = 0; path = imageViewTests.xctest; sourceTree = BUILT_PRODUCTS_DIR; };
		3505BFF92CB6320F00AE6421 /* imageViewUITests.xctest */ = {isa = PBXFileReference; explicitFileType = wrapper.cfbundle; includeInIndex = 0; path = imageViewUITests.xctest; sourceTree = BUILT_PRODUCTS_DIR; };
/* End PBXFileReference section */

/* Begin PBXFileSystemSynchronizedBuildFileExceptionSet section */
		3505C0012CB6320F00AE6421 /* Exceptions for "imageView" folder in "imageView" target */ = {
			isa = PBXFileSystemSynchronizedBuildFileExceptionSet;
			membershipExceptions = (
				Info.plist,
			);
			target = 3505BFD82CB6320D00AE6421 /* imageView */;
		};
/* End PBXFileSystemSynchronizedBuildFileExceptionSet section */

/* Begin PBXFileSystemSynchronizedRootGroup section */
		3505BFDB2CB6320D00AE6421 /* imageView */ = {
			isa = PBXFileSystemSynchronizedRootGroup;
			exceptions = (
				3505C0012CB6320F00AE6421 /* Exceptions for "imageView" folder in "imageView" target */,
			);
			path = imageView;
			sourceTree = "<group>";
		};
		3505BFF22CB6320F00AE6421 /* imageViewTests */ = {
			isa = PBXFileSystemSynchronizedRootGroup;
			path = imageViewTests;
			sourceTree = "<group>";
		};
		3505BFFC2CB6320F00AE6421 /* imageViewUITests */ = {
			isa = PBXFileSystemSynchronizedRootGroup;
			path = imageViewUITests;
			sourceTree = "<group>";
		};
/* End PBXFileSystemSynchronizedRootGroup section */

/* Begin PBXFrameworksBuildPhase section */
		3505BFD62CB6320D00AE6421 /* Frameworks */ = {
			isa = PBXFrameworksBuildPhase;
			buildActionMask = 2147483647;
			files = (
			);
			runOnlyForDeploymentPostprocessing = 0;
		};
		3505BFEC2CB6320F00AE6421 /* Frameworks */ = {
			isa = PBXFrameworksBuildPhase;
			buildActionMask = 2147483647;
			files = (
			);
			runOnlyForDeploymentPostprocessing = 0;
		};
		3505BFF62CB6320F00AE6421 /* Frameworks */ = {
			isa = PBXFrameworksBuildPhase;
			buildActionMask = 2147483647;
			files = (
			);
			runOnlyForDeploymentPostprocessing = 0;
		};
/* End PBXFrameworksBuildPhase section */

/* Begin PBXGroup section */
		3505BFD02CB6320D00AE6421 = {
			isa = PBXGroup;
			children = (
				3505BFDB2CB6320D00AE6421 /* imageView */,
				3505BFF22CB6320F00AE6421 /* imageViewTests */,
				3505BFFC2CB6320F00AE6421 /* imageViewUITests */,
				3505BFDA2CB6320D00AE6421 /* Products */,
			);
			sourceTree = "<group>";
		};
		3505BFDA2CB6320D00AE6421 /* Products */ = {
			isa = PBXGroup;
			children = (
				3505BFD92CB6320D00AE6421 /* imageView.app */,
				3505BFEF2CB6320F00AE6421 /* imageViewTests.xctest */,
				3505BFF92CB6320F00AE6421 /* imageViewUITests.xctest */,
			);
			name = Products;
			sourceTree = "<group>";
		};
/* End PBXGroup section */

/* Begin PBXNativeTarget section */
		3505BFD82CB6320D00AE6421 /* imageView */ = {
			isa = PBXNativeTarget;
			buildConfigurationList = 3505C0022CB6320F00AE6421 /* Build configuration list for PBXNativeTarget "imageView" */;
			buildPhases = (
				3505BFD52CB6320D00AE6421 /* Sources */,
				3505BFD62CB6320D00AE6421 /* Frameworks */,
				3505BFD72CB6320D00AE6421 /* Resources */,
			);
			buildRules = (
			);
			dependencies = (
			);
			fileSystemSynchronizedGroups = (
				3505BFDB2CB6320D00AE6421 /* imageView */,
			);
			name = imageView;
			packageProductDependencies = (
			);
			productName = imageView;
			productReference = 3505BFD92CB6320D00AE6421 /* imageView.app */;
			productType = "com.apple.product-type.application";
		};
		3505BFEE2CB6320F00AE6421 /* imageViewTests */ = {
			isa = PBXNativeTarget;
			buildConfigurationList = 3505C0072CB6320F00AE6421 /* Build configuration list for PBXNativeTarget "imageViewTests" */;
			buildPhases = (
				3505BFEB2CB6320F00AE6421 /* Sources */,
				3505BFEC2CB6320F00AE6421 /* Frameworks */,
				3505BFED2CB6320F00AE6421 /* Resources */,
			);
			buildRules = (
			);
			dependencies = (
				3505BFF12CB6320F00AE6421 /* PBXTargetDependency */,
			);
			fileSystemSynchronizedGroups = (
				3505BFF22CB6320F00AE6421 /* imageViewTests */,
			);
			name = imageViewTests;
			packageProductDependencies = (
			);
			productName = imageViewTests;
			productReference = 3505BFEF2CB6320F00AE6421 /* imageViewTests.xctest */;
			productType = "com.apple.product-type.bundle.unit-test";
		};
		3505BFF82CB6320F00AE6421 /* imageViewUITests */ = {
			isa = PBXNativeTarget;
			buildConfigurationList = 3505C00A2CB6320F00AE6421 /* Build configuration list for PBXNativeTarget "imageViewUITests" */;
			buildPhases = (
				3505BFF52CB6320F00AE6421 /* Sources */,
				3505BFF62CB6320F00AE6421 /* Frameworks */,
				3505BFF72CB6320F00AE6421 /* Resources */,
			);
			buildRules = (
			);
			dependencies = (
				3505BFFB2CB6320F00AE6421 /* PBXTargetDependency */,
			);
			fileSystemSynchronizedGroups = (
				3505BFFC2CB6320F00AE6421 /* imageViewUITests */,
			);
			name = imageViewUITests;
			packageProductDependencies = (
			);
			productName = imageViewUITests;
			productReference = 3505BFF92CB6320F00AE6421 /* imageViewUITests.xctest */;
			productType = "com.apple.product-type.bundle.ui-testing";
		};
/* End PBXNativeTarget section */

/* Begin PBXProject section */
		3505BFD12CB6320D00AE6421 /* Project object */ = {
			isa = PBXProject;
			attributes = {
				BuildIndependentTargetsInParallel = 1;
				LastSwiftUpdateCheck = 1600;
				LastUpgradeCheck = 1600;
				TargetAttributes = {
					3505BFD82CB6320D00AE6421 = {
						CreatedOnToolsVersion = 16.0;
					};
					3505BFEE2CB6320F00AE6421 = {
						CreatedOnToolsVersion = 16.0;
						TestTargetID = 3505BFD82CB6320D00AE6421;
					};
					3505BFF82CB6320F00AE6421 = {
						CreatedOnToolsVersion = 16.0;
						TestTargetID = 3505BFD82CB6320D00AE6421;
					};
				};
			};
			buildConfigurationList = 3505BFD42CB6320D00AE6421 /* Build configuration list for PBXProject "imageView" */;
			developmentRegion = en;
			hasScannedForEncodings = 0;
			knownRegions = (
				en,
				Base,
			);
			mainGroup = 3505BFD02CB6320D00AE6421;
			minimizedProjectReferenceProxies = 1;
			preferredProjectObjectVersion = 77;
			productRefGroup = 3505BFDA2CB6320D00AE6421 /* Products */;
			projectDirPath = "";
			projectRoot = "";
			targets = (
				3505BFD82CB6320D00AE6421 /* imageView */,
				3505BFEE2CB6320F00AE6421 /* imageViewTests */,
				3505BFF82CB6320F00AE6421 /* imageViewUITests */,
			);
		};
/* End PBXProject section */

/* Begin PBXResourcesBuildPhase section */
		3505BFD72CB6320D00AE6421 /* Resources */ = {
			isa = PBXResourcesBuildPhase;
			buildActionMask = 2147483647;
			files = (
			);
			runOnlyForDeploymentPostprocessing = 0;
		};
		3505BFED2CB6320F00AE6421 /* Resources */ = {
			isa = PBXResourcesBuildPhase;
			buildActionMask = 2147483647;
			files = (
			);
			runOnlyForDeploymentPostprocessing = 0;
		};
		3505BFF72CB6320F00AE6421 /* Resources */ = {
			isa = PBXResourcesBuildPhase;
			buildActionMask = 2147483647;
			files = (
			);
			runOnlyForDeploymentPostprocessing = 0;
		};
/* End PBXResourcesBuildPhase section */

/* Begin PBXSourcesBuildPhase section */
		3505BFD52CB6320D00AE6421 /* Sources */ = {
			isa = PBXSourcesBuildPhase;
			buildActionMask = 2147483647;
			files = (
			);
			runOnlyForDeploymentPostprocessing = 0;
		};
		3505BFEB2CB6320F00AE6421 /* Sources */ = {
			isa = PBXSourcesBuildPhase;
			buildActionMask = 2147483647;
			files = (
			);
			runOnlyForDeploymentPostprocessing = 0;
		};
		3505BFF52CB6320F00AE6421 /* Sources */ = {
			isa = PBXSourcesBuildPhase;
			buildActionMask = 2147483647;
			files = (
			);
			runOnlyForDeploymentPostprocessing = 0;
		};
/* End PBXSourcesBuildPhase section */

/* Begin PBXTargetDependency section */
		3505BFF12CB6320F00AE6421 /* PBXTargetDependency */ = {
			isa = PBXTargetDependency;
			target = 3505BFD82CB6320D00AE6421 /* imageView */;
			targetProxy = 3505BFF02CB6320F00AE6421 /* PBXContainerItemProxy */;
		};
		3505BFFB2CB6320F00AE6421 /* PBXTargetDependency */ = {
			isa = PBXTargetDependency;
			target = 3505BFD82CB6320D00AE6421 /* imageView */;
			targetProxy = 3505BFFA2CB6320F00AE6421 /* PBXContainerItemProxy */;
		};
/* End PBXTargetDependency section */

/* Begin XCBuildConfiguration section */
		3505C0032CB6320F00AE6421 /* Debug */ = {
			isa = XCBuildConfiguration;
			buildSettings = {
				ASSETCATALOG_COMPILER_APPICON_NAME = AppIcon;
				ASSETCATALOG_COMPILER_GLOBAL_ACCENT_COLOR_NAME = AccentColor;
				CODE_SIGN_STYLE = Automatic;
				CURRENT_PROJECT_VERSION = 1;
				GENERATE_INFOPLIST_FILE = YES;
				INFOPLIST_FILE = imageView/Info.plist;
				INFOPLIST_KEY_UIApplicationSupportsIndirectInputEvents = YES;
				INFOPLIST_KEY_UILaunchStoryboardName = LaunchScreen;
				INFOPLIST_KEY_UIMainStoryboardFile = Main;
				INFOPLIST_KEY_UISupportedInterfaceOrientations_iPad = "UIInterfaceOrientationPortrait UIInterfaceOrientationPortraitUpsideDown UIInterfaceOrientationLandscapeLeft UIInterfaceOrientationLandscapeRight";
				INFOPLIST_KEY_UISupportedInterfaceOrientations_iPhone = "UIInterfaceOrientationPortrait UIInterfaceOrientationLandscapeLeft UIInterfaceOrientationLandscapeRight";
				LD_RUNPATH_SEARCH_PATHS = (
					"$(inherited)",
					"@executable_path/Frameworks",
				);
				MARKETING_VERSION = 1.0;
				PRODUCT_BUNDLE_IDENTIFIER = com.manvitha.imageView;
				PRODUCT_NAME = "$(TARGET_NAME)";
				SWIFT_EMIT_LOC_STRINGS = YES;
				SWIFT_VERSION = 5.0;
				TARGETED_DEVICE_FAMILY = "1,2";
			};
			name = Debug;
		};
		3505C0042CB6320F00AE6421 /* Release */ = {
			isa = XCBuildConfiguration;
			buildSettings = {
				ASSETCATALOG_COMPILER_APPICON_NAME = AppIcon;
				ASSETCATALOG_COMPILER_GLOBAL_ACCENT_COLOR_NAME = AccentColor;
				CODE_SIGN_STYLE = Automatic;
				CURRENT_PROJECT_VERSION = 1;
				GENERATE_INFOPLIST_FILE = YES;
				INFOPLIST_FILE = imageView/Info.plist;
				INFOPLIST_KEY_UIApplicationSupportsIndirectInputEvents = YES;
				INFOPLIST_KEY_UILaunchStoryboardName = LaunchScreen;
				INFOPLIST_KEY_UIMainStoryboardFile = Main;
				INFOPLIST_KEY_UISupportedInterfaceOrientations_iPad = "UIInterfaceOrientationPortrait UIInterfaceOrientationPortraitUpsideDown UIInterfaceOrientationLandscapeLeft UIInterfaceOrientationLandscapeRight";
				INFOPLIST_KEY_UISupportedInterfaceOrientations_iPhone = "UIInterfaceOrientationPortrait UIInterfaceOrientationLandscapeLeft UIInterfaceOrientationLandscapeRight";
				LD_RUNPATH_SEARCH_PATHS = (
					"$(inherited)",
					"@executable_path/Frameworks",
				);
				MARKETING_VERSION = 1.0;
				PRODUCT_BUNDLE_IDENTIFIER = com.manvitha.imageView;
				PRODUCT_NAME = "$(TARGET_NAME)";
				SWIFT_EMIT_LOC_STRINGS = YES;
				SWIFT_VERSION = 5.0;
				TARGETED_DEVICE_FAMILY = "1,2";
			};
			name = Release;
		};
		3505C0052CB6320F00AE6421 /* Debug */ = {
			isa = XCBuildConfiguration;
			buildSettings = {
				ALWAYS_SEARCH_USER_PATHS = NO;
				ASSETCATALOG_COMPILER_GENERATE_SWIFT_ASSET_SYMBOL_EXTENSIONS = YES;
				CLANG_ANALYZER_NONNULL = YES;
				CLANG_ANALYZER_NUMBER_OBJECT_CONVERSION = YES_AGGRESSIVE;
				CLANG_CXX_LANGUAGE_STANDARD = "gnu++20";
				CLANG_ENABLE_MODULES = YES;
				CLANG_ENABLE_OBJC_ARC = YES;
				CLANG_ENABLE_OBJC_WEAK = YES;
				CLANG_WARN_BLOCK_CAPTURE_AUTORELEASING = YES;
				CLANG_WARN_BOOL_CONVERSION = YES;
				CLANG_WARN_COMMA = YES;
				CLANG_WARN_CONSTANT_CONVERSION = YES;
				CLANG_WARN_DEPRECATED_OBJC_IMPLEMENTATIONS = YES;
				CLANG_WARN_DIRECT_OBJC_ISA_USAGE = YES_ERROR;
				CLANG_WARN_DOCUMENTATION_COMMENTS = YES;
				CLANG_WARN_EMPTY_BODY = YES;
				CLANG_WARN_ENUM_CONVERSION = YES;
				CLANG_WARN_INFINITE_RECURSION = YES;
				CLANG_WARN_INT_CONVERSION = YES;
				CLANG_WARN_NON_LITERAL_NULL_CONVERSION = YES;
				CLANG_WARN_OBJC_IMPLICIT_RETAIN_SELF = YES;
				CLANG_WARN_OBJC_LITERAL_CONVERSION = YES;
				CLANG_WARN_OBJC_ROOT_CLASS = YES_ERROR;
				CLANG_WARN_QUOTED_INCLUDE_IN_FRAMEWORK_HEADER = YES;
				CLANG_WARN_RANGE_LOOP_ANALYSIS = YES;
				CLANG_WARN_STRICT_PROTOTYPES = YES;
				CLANG_WARN_SUSPICIOUS_MOVE = YES;
				CLANG_WARN_UNGUARDED_AVAILABILITY = YES_AGGRESSIVE;
				CLANG_WARN_UNREACHABLE_CODE = YES;
				CLANG_WARN__DUPLICATE_METHOD_MATCH = YES;
				COPY_PHASE_STRIP = NO;
				DEBUG_INFORMATION_FORMAT = dwarf;
				ENABLE_STRICT_OBJC_MSGSEND = YES;
				ENABLE_TESTABILITY = YES;
				ENABLE_USER_SCRIPT_SANDBOXING = YES;
				GCC_C_LANGUAGE_STANDARD = gnu17;
				GCC_DYNAMIC_NO_PIC = NO;
				GCC_NO_COMMON_BLOCKS = YES;
				GCC_OPTIMIZATION_LEVEL = 0;
				GCC_PREPROCESSOR_DEFINITIONS = (
					"DEBUG=1",
					"$(inherited)",
				);
				GCC_WARN_64_TO_32_BIT_CONVERSION = YES;
				GCC_WARN_ABOUT_RETURN_TYPE = YES_ERROR;
				GCC_WARN_UNDECLARED_SELECTOR = YES;
				GCC_WARN_UNINITIALIZED_AUTOS = YES_AGGRESSIVE;
				GCC_WARN_UNUSED_FUNCTION = YES;
				GCC_WARN_UNUSED_VARIABLE = YES;
				IPHONEOS_DEPLOYMENT_TARGET = 18.0;
				LOCALIZATION_PREFERS_STRING_CATALOGS = YES;
				MTL_ENABLE_DEBUG_INFO = INCLUDE_SOURCE;
				MTL_FAST_MATH = YES;
				ONLY_ACTIVE_ARCH = YES;
				SDKROOT = iphoneos;
				SWIFT_ACTIVE_COMPILATION_CONDITIONS = "DEBUG $(inherited)";
				SWIFT_OPTIMIZATION_LEVEL = "-Onone";
			};
			name = Debug;
		};
		3505C0062CB6320F00AE6421 /* Release */ = {
			isa = XCBuildConfiguration;
			buildSettings = {
				ALWAYS_SEARCH_USER_PATHS = NO;
				ASSETCATALOG_COMPILER_GENERATE_SWIFT_ASSET_SYMBOL_EXTENSIONS = YES;
				CLANG_ANALYZER_NONNULL = YES;
				CLANG_ANALYZER_NUMBER_OBJECT_CONVERSION = YES_AGGRESSIVE;
				CLANG_CXX_LANGUAGE_STANDARD = "gnu++20";
				CLANG_ENABLE_MODULES = YES;
				CLANG_ENABLE_OBJC_ARC = YES;
				CLANG_ENABLE_OBJC_WEAK = YES;
				CLANG_WARN_BLOCK_CAPTURE_AUTORELEASING = YES;
				CLANG_WARN_BOOL_CONVERSION = YES;
				CLANG_WARN_COMMA = YES;
				CLANG_WARN_CONSTANT_CONVERSION = YES;
				CLANG_WARN_DEPRECATED_OBJC_IMPLEMENTATIONS = YES;
				CLANG_WARN_DIRECT_OBJC_ISA_USAGE = YES_ERROR;
				CLANG_WARN_DOCUMENTATION_COMMENTS = YES;
				CLANG_WARN_EMPTY_BODY = YES;
				CLANG_WARN_ENUM_CONVERSION = YES;
				CLANG_WARN_INFINITE_RECURSION = YES;
				CLANG_WARN_INT_CONVERSION = YES;
				CLANG_WARN_NON_LITERAL_NULL_CONVERSION = YES;
				CLANG_WARN_OBJC_IMPLICIT_RETAIN_SELF = YES;
				CLANG_WARN_OBJC_LITERAL_CONVERSION = YES;
				CLANG_WARN_OBJC_ROOT_CLASS = YES_ERROR;
				CLANG_WARN_QUOTED_INCLUDE_IN_FRAMEWORK_HEADER = YES;
				CLANG_WARN_RANGE_LOOP_ANALYSIS = YES;
				CLANG_WARN_STRICT_PROTOTYPES = YES;
				CLANG_WARN_SUSPICIOUS_MOVE = YES;
				CLANG_WARN_UNGUARDED_AVAILABILITY = YES_AGGRESSIVE;
				CLANG_WARN_UNREACHABLE_CODE = YES;
				CLANG_WARN__DUPLICATE_METHOD_MATCH = YES;
				COPY_PHASE_STRIP = NO;
				DEBUG_INFORMATION_FORMAT = "dwarf-with-dsym";
				ENABLE_NS_ASSERTIONS = NO;
				ENABLE_STRICT_OBJC_MSGSEND = YES;
				ENABLE_USER_SCRIPT_SANDBOXING = YES;
				GCC_C_LANGUAGE_STANDARD = gnu17;
				GCC_NO_COMMON_BLOCKS = YES;
				GCC_WARN_64_TO_32_BIT_CONVERSION = YES;
				GCC_WARN_ABOUT_RETURN_TYPE = YES_ERROR;
				GCC_WARN_UNDECLARED_SELECTOR = YES;
				GCC_WARN_UNINITIALIZED_AUTOS = YES_AGGRESSIVE;
				GCC_WARN_UNUSED_FUNCTION = YES;
				GCC_WARN_UNUSED_VARIABLE = YES;
				IPHONEOS_DEPLOYMENT_TARGET = 18.0;
				LOCALIZATION_PREFERS_STRING_CATALOGS = YES;
				MTL_ENABLE_DEBUG_INFO = NO;
				MTL_FAST_MATH = YES;
				SDKROOT = iphoneos;
				SWIFT_COMPILATION_MODE = wholemodule;
				VALIDATE_PRODUCT = YES;
			};
			name = Release;
		};
		3505C0082CB6320F00AE6421 /* Debug */ = {
			isa = XCBuildConfiguration;
			buildSettings = {
				BUNDLE_LOADER = "$(TEST_HOST)";
				CODE_SIGN_STYLE = Automatic;
				CURRENT_PROJECT_VERSION = 1;
				GENERATE_INFOPLIST_FILE = YES;
				IPHONEOS_DEPLOYMENT_TARGET = 18.0;
				MARKETING_VERSION = 1.0;
				PRODUCT_BUNDLE_IDENTIFIER = com.manvitha.imageViewTests;
				PRODUCT_NAME = "$(TARGET_NAME)";
				SWIFT_EMIT_LOC_STRINGS = NO;
				SWIFT_VERSION = 5.0;
				TARGETED_DEVICE_FAMILY = "1,2";
				TEST_HOST = "$(BUILT_PRODUCTS_DIR)/imageView.app/$(BUNDLE_EXECUTABLE_FOLDER_PATH)/imageView";
			};
			name = Debug;
		};
		3505C0092CB6320F00AE6421 /* Release */ = {
			isa = XCBuildConfiguration;
			buildSettings = {
				BUNDLE_LOADER = "$(TEST_HOST)";
				CODE_SIGN_STYLE = Automatic;
				CURRENT_PROJECT_VERSION = 1;
				GENERATE_INFOPLIST_FILE = YES;
				IPHONEOS_DEPLOYMENT_TARGET = 18.0;
				MARKETING_VERSION = 1.0;
				PRODUCT_BUNDLE_IDENTIFIER = com.manvitha.imageViewTests;
				PRODUCT_NAME = "$(TARGET_NAME)";
				SWIFT_EMIT_LOC_STRINGS = NO;
				SWIFT_VERSION = 5.0;
				TARGETED_DEVICE_FAMILY = "1,2";
				TEST_HOST = "$(BUILT_PRODUCTS_DIR)/imageView.app/$(BUNDLE_EXECUTABLE_FOLDER_PATH)/imageView";
			};
			name = Release;
		};
		3505C00B2CB6320F00AE6421 /* Debug */ = {
			isa = XCBuildConfiguration;
			buildSettings = {
				CODE_SIGN_STYLE = Automatic;
				CURRENT_PROJECT_VERSION = 1;
				GENERATE_INFOPLIST_FILE = YES;
				MARKETING_VERSION = 1.0;
				PRODUCT_BUNDLE_IDENTIFIER = com.manvitha.imageViewUITests;
				PRODUCT_NAME = "$(TARGET_NAME)";
				SWIFT_EMIT_LOC_STRINGS = NO;
				SWIFT_VERSION = 5.0;
				TARGETED_DEVICE_FAMILY = "1,2";
				TEST_TARGET_NAME = imageView;
			};
			name = Debug;
		};
		3505C00C2CB6320F00AE6421 /* Release */ = {
			isa = XCBuildConfiguration;
			buildSettings = {
				CODE_SIGN_STYLE = Automatic;
				CURRENT_PROJECT_VERSION = 1;
				GENERATE_INFOPLIST_FILE = YES;
				MARKETING_VERSION = 1.0;
				PRODUCT_BUNDLE_IDENTIFIER = com.manvitha.imageViewUITests;
				PRODUCT_NAME = "$(TARGET_NAME)";
				SWIFT_EMIT_LOC_STRINGS = NO;
				SWIFT_VERSION = 5.0;
				TARGETED_DEVICE_FAMILY = "1,2";
				TEST_TARGET_NAME = imageView;
			};
			name = Release;
		};
/* End XCBuildConfiguration section */

/* Begin XCConfigurationList section */
		3505BFD42CB6320D00AE6421 /* Build configuration list for PBXProject "imageView" */ = {
			isa = XCConfigurationList;
			buildConfigurations = (
				3505C0052CB6320F00AE6421 /* Debug */,
				3505C0062CB6320F00AE6421 /* Release */,
			);
			defaultConfigurationIsVisible = 0;
			defaultConfigurationName = Release;
		};
		3505C0022CB6320F00AE6421 /* Build configuration list for PBXNativeTarget "imageView" */ = {
			isa = XCConfigurationList;
			buildConfigurations = (
				3505C0032CB6320F00AE6421 /* Debug */,
				3505C0042CB6320F00AE6421 /* Release */,
			);
			defaultConfigurationIsVisible = 0;
			defaultConfigurationName = Release;
		};
		3505C0072CB6320F00AE6421 /* Build configuration list for PBXNativeTarget "imageViewTests" */ = {
			isa = XCConfigurationList;
			buildConfigurations = (
				3505C0082CB6320F00AE6421 /* Debug */,
				3505C0092CB6320F00AE6421 /* Release */,
			);
			defaultConfigurationIsVisible = 0;
			defaultConfigurationName = Release;
		};
		3505C00A2CB6320F00AE6421 /* Build configuration list for PBXNativeTarget "imageViewUITests" */ = {
			isa = XCConfigurationList;
			buildConfigurations = (
				3505C00B2CB6320F00AE6421 /* Debug */,
				3505C00C2CB6320F00AE6421 /* Release */,
			);
			defaultConfigurationIsVisible = 0;
			defaultConfigurationName = Release;
		};
/* End XCConfigurationList section */
	};
	rootObject = 3505BFD12CB6320D00AE6421 /* Project object */;
}
